// !$*UTF8*$!
{
	archiveVersion = 1;
	classes = {
	};
	objectVersion = 50;
	objects = {

/* Begin PBXBuildFile section */
		5D1AEBC625F7EE0F0016716E /* PingManager.swift in Sources */ = {isa = PBXBuildFile; fileRef = 5D1AEBC525F7EE0F0016716E /* PingManager.swift */; };
		5D1AEBCA25F7EE270016716E /* XPC.swift in Sources */ = {isa = PBXBuildFile; fileRef = 5D1AEBC925F7EE270016716E /* XPC.swift */; };
		5D1AEBDB25F7EE470016716E /* PingHelper.xpc in Embed XPC Services */ = {isa = PBXBuildFile; fileRef = 5D1AEBD025F7EE470016716E /* PingHelper.xpc */; settings = {ATTRIBUTES = (RemoveHeadersOnCopy, ); }; };
		5D1AEBE925F7EE630016716E /* ReadLines.swift in Sources */ = {isa = PBXBuildFile; fileRef = 5D1AEBE525F7EE630016716E /* ReadLines.swift */; };
		5D1AEBEA25F7EE630016716E /* main.swift in Sources */ = {isa = PBXBuildFile; fileRef = 5D1AEBE625F7EE630016716E /* main.swift */; };
		5D1AEBEB25F7EE630016716E /* PingHelper.swift in Sources */ = {isa = PBXBuildFile; fileRef = 5D1AEBE725F7EE630016716E /* PingHelper.swift */; };
		5D1AEBEE25F7EE6D0016716E /* XPC.swift in Sources */ = {isa = PBXBuildFile; fileRef = 5D1AEBC925F7EE270016716E /* XPC.swift */; };
		5D743A5E2605C66400FFC10E /* DefaultsObserver.swift in Sources */ = {isa = PBXBuildFile; fileRef = 5D743A5D2605C66400FFC10E /* DefaultsObserver.swift */; };
		5D812ECF26152DB9008EB406 /* Accessibility.swift in Sources */ = {isa = PBXBuildFile; fileRef = 5D812ECE26152DB9008EB406 /* Accessibility.swift */; };
		5DA4759A260FB7D8007C465D /* PreferencesViewController.swift in Sources */ = {isa = PBXBuildFile; fileRef = 5DA47599260FB7D8007C465D /* PreferencesViewController.swift */; };
		5DAD3A8E25F8404E00056F55 /* ViewController.swift in Sources */ = {isa = PBXBuildFile; fileRef = 5DAD3A8D25F8404E00056F55 /* ViewController.swift */; };
		5DBE5D2025F7C64100945840 /* AppDelegate.swift in Sources */ = {isa = PBXBuildFile; fileRef = 5DBE5D1F25F7C64100945840 /* AppDelegate.swift */; };
		5DBE5D2425F7C64200945840 /* Assets.xcassets in Resources */ = {isa = PBXBuildFile; fileRef = 5DBE5D2325F7C64200945840 /* Assets.xcassets */; };
		5DBE5D2725F7C64200945840 /* Main.storyboard in Resources */ = {isa = PBXBuildFile; fileRef = 5DBE5D2525F7C64200945840 /* Main.storyboard */; };
		5DF5571225FA54A700A44983 /* hsnuke.sh in Resources */ = {isa = PBXBuildFile; fileRef = 5DF5571125FA54A700A44983 /* hsnuke.sh */; };
/* End PBXBuildFile section */

/* Begin PBXContainerItemProxy section */
		5D1AEBD925F7EE470016716E /* PBXContainerItemProxy */ = {
			isa = PBXContainerItemProxy;
			containerPortal = 5DBE5D1425F7C64100945840 /* Project object */;
			proxyType = 1;
			remoteGlobalIDString = 5D1AEBCF25F7EE470016716E;
			remoteInfo = PingHelper;
		};
/* End PBXContainerItemProxy section */

/* Begin PBXCopyFilesBuildPhase section */
		5D1AEBDF25F7EE470016716E /* Embed XPC Services */ = {
			isa = PBXCopyFilesBuildPhase;
			buildActionMask = 2147483647;
			dstPath = "$(CONTENTS_FOLDER_PATH)/XPCServices";
			dstSubfolderSpec = 16;
			files = (
				5D1AEBDB25F7EE470016716E /* PingHelper.xpc in Embed XPC Services */,
			);
			name = "Embed XPC Services";
			runOnlyForDeploymentPostprocessing = 0;
		};
/* End PBXCopyFilesBuildPhase section */

/* Begin PBXFileReference section */
		5D1AEBC525F7EE0F0016716E /* PingManager.swift */ = {isa = PBXFileReference; fileEncoding = 4; lastKnownFileType = sourcecode.swift; path = PingManager.swift; sourceTree = "<group>"; };
		5D1AEBC925F7EE270016716E /* XPC.swift */ = {isa = PBXFileReference; fileEncoding = 4; lastKnownFileType = sourcecode.swift; path = XPC.swift; sourceTree = "<group>"; };
		5D1AEBD025F7EE470016716E /* PingHelper.xpc */ = {isa = PBXFileReference; explicitFileType = "wrapper.xpc-service"; includeInIndex = 0; path = PingHelper.xpc; sourceTree = BUILT_PRODUCTS_DIR; };
		5D1AEBD825F7EE470016716E /* Info.plist */ = {isa = PBXFileReference; lastKnownFileType = text.plist.xml; path = Info.plist; sourceTree = "<group>"; };
		5D1AEBE525F7EE630016716E /* ReadLines.swift */ = {isa = PBXFileReference; fileEncoding = 4; lastKnownFileType = sourcecode.swift; path = ReadLines.swift; sourceTree = "<group>"; };
		5D1AEBE625F7EE630016716E /* main.swift */ = {isa = PBXFileReference; fileEncoding = 4; lastKnownFileType = sourcecode.swift; path = main.swift; sourceTree = "<group>"; };
		5D1AEBE725F7EE630016716E /* PingHelper.swift */ = {isa = PBXFileReference; fileEncoding = 4; lastKnownFileType = sourcecode.swift; path = PingHelper.swift; sourceTree = "<group>"; };
		5D743A5D2605C66400FFC10E /* DefaultsObserver.swift */ = {isa = PBXFileReference; lastKnownFileType = sourcecode.swift; path = DefaultsObserver.swift; sourceTree = "<group>"; };
		5D812ECE26152DB9008EB406 /* Accessibility.swift */ = {isa = PBXFileReference; lastKnownFileType = sourcecode.swift; path = Accessibility.swift; sourceTree = "<group>"; };
		5DA47599260FB7D8007C465D /* PreferencesViewController.swift */ = {isa = PBXFileReference; lastKnownFileType = sourcecode.swift; path = PreferencesViewController.swift; sourceTree = "<group>"; };
		5DAD3A8D25F8404E00056F55 /* ViewController.swift */ = {isa = PBXFileReference; lastKnownFileType = sourcecode.swift; path = ViewController.swift; sourceTree = "<group>"; };
		5DBE5D1C25F7C64100945840 /* PingPoint.app */ = {isa = PBXFileReference; explicitFileType = wrapper.application; includeInIndex = 0; path = PingPoint.app; sourceTree = BUILT_PRODUCTS_DIR; };
		5DBE5D1F25F7C64100945840 /* AppDelegate.swift */ = {isa = PBXFileReference; lastKnownFileType = sourcecode.swift; path = AppDelegate.swift; sourceTree = "<group>"; };
		5DBE5D2325F7C64200945840 /* Assets.xcassets */ = {isa = PBXFileReference; lastKnownFileType = folder.assetcatalog; path = Assets.xcassets; sourceTree = "<group>"; };
		5DBE5D2625F7C64200945840 /* Base */ = {isa = PBXFileReference; lastKnownFileType = file.storyboard; name = Base; path = Base.lproj/Main.storyboard; sourceTree = "<group>"; };
		5DBE5D2825F7C64200945840 /* Info.plist */ = {isa = PBXFileReference; lastKnownFileType = text.plist.xml; path = Info.plist; sourceTree = "<group>"; };
		5DBE5D2925F7C64200945840 /* PingPoint.entitlements */ = {isa = PBXFileReference; lastKnownFileType = text.plist.entitlements; path = PingPoint.entitlements; sourceTree = "<group>"; };
		5DF5571125FA54A700A44983 /* hsnuke.sh */ = {isa = PBXFileReference; fileEncoding = 4; lastKnownFileType = text.script.sh; path = hsnuke.sh; sourceTree = "<group>"; };
/* End PBXFileReference section */

/* Begin PBXFrameworksBuildPhase section */
		5D1AEBCD25F7EE470016716E /* Frameworks */ = {
			isa = PBXFrameworksBuildPhase;
			buildActionMask = 2147483647;
			files = (
			);
			runOnlyForDeploymentPostprocessing = 0;
		};
		5DBE5D1925F7C64100945840 /* Frameworks */ = {
			isa = PBXFrameworksBuildPhase;
			buildActionMask = 2147483647;
			files = (
			);
			runOnlyForDeploymentPostprocessing = 0;
		};
/* End PBXFrameworksBuildPhase section */

/* Begin PBXGroup section */
		5D1AEBC825F7EE220016716E /* Shared */ = {
			isa = PBXGroup;
			children = (
				5D1AEBC925F7EE270016716E /* XPC.swift */,
			);
			path = Shared;
			sourceTree = "<group>";
		};
		5D1AEBD125F7EE470016716E /* PingHelper */ = {
			isa = PBXGroup;
			children = (
				5D812ECE26152DB9008EB406 /* Accessibility.swift */,
				5D1AEBE725F7EE630016716E /* PingHelper.swift */,
				5D1AEBE525F7EE630016716E /* ReadLines.swift */,
				5D1AEBE625F7EE630016716E /* main.swift */,
				5DF5571125FA54A700A44983 /* hsnuke.sh */,
				5D1AEBD825F7EE470016716E /* Info.plist */,
			);
			path = PingHelper;
			sourceTree = "<group>";
		};
		5DBE5D1325F7C64100945840 = {
			isa = PBXGroup;
			children = (
				5D1AEBC825F7EE220016716E /* Shared */,
				5DBE5D1E25F7C64100945840 /* PingPoint */,
				5D1AEBD125F7EE470016716E /* PingHelper */,
				5DBE5D1D25F7C64100945840 /* Products */,
			);
			sourceTree = "<group>";
		};
		5DBE5D1D25F7C64100945840 /* Products */ = {
			isa = PBXGroup;
			children = (
				5DBE5D1C25F7C64100945840 /* PingPoint.app */,
				5D1AEBD025F7EE470016716E /* PingHelper.xpc */,
			);
			name = Products;
			sourceTree = "<group>";
		};
		5DBE5D1E25F7C64100945840 /* PingPoint */ = {
			isa = PBXGroup;
			children = (
				5DBE5D1F25F7C64100945840 /* AppDelegate.swift */,
				5DAD3A8D25F8404E00056F55 /* ViewController.swift */,
				5DA47599260FB7D8007C465D /* PreferencesViewController.swift */,
				5D743A5D2605C66400FFC10E /* DefaultsObserver.swift */,
				5D1AEBC525F7EE0F0016716E /* PingManager.swift */,
				5DBE5D2325F7C64200945840 /* Assets.xcassets */,
				5DBE5D2525F7C64200945840 /* Main.storyboard */,
				5DBE5D2825F7C64200945840 /* Info.plist */,
				5DBE5D2925F7C64200945840 /* PingPoint.entitlements */,
			);
			path = PingPoint;
			sourceTree = "<group>";
		};
/* End PBXGroup section */

/* Begin PBXNativeTarget section */
		5D1AEBCF25F7EE470016716E /* PingHelper */ = {
			isa = PBXNativeTarget;
			buildConfigurationList = 5D1AEBDC25F7EE470016716E /* Build configuration list for PBXNativeTarget "PingHelper" */;
			buildPhases = (
				5D1AEBCC25F7EE470016716E /* Sources */,
				5D1AEBCD25F7EE470016716E /* Frameworks */,
				5D1AEBCE25F7EE470016716E /* Resources */,
			);
			buildRules = (
			);
			dependencies = (
			);
			name = PingHelper;
			productName = PingHelper;
			productReference = 5D1AEBD025F7EE470016716E /* PingHelper.xpc */;
			productType = "com.apple.product-type.xpc-service";
		};
		5DBE5D1B25F7C64100945840 /* PingPoint */ = {
			isa = PBXNativeTarget;
			buildConfigurationList = 5DBE5D2C25F7C64200945840 /* Build configuration list for PBXNativeTarget "PingPoint" */;
			buildPhases = (
				5DBE5D1825F7C64100945840 /* Sources */,
				5DBE5D1925F7C64100945840 /* Frameworks */,
				5DBE5D1A25F7C64100945840 /* Resources */,
				5D1AEBDF25F7EE470016716E /* Embed XPC Services */,
			);
			buildRules = (
			);
			dependencies = (
				5D1AEBDA25F7EE470016716E /* PBXTargetDependency */,
			);
			name = PingPoint;
			productName = PingPoint;
			productReference = 5DBE5D1C25F7C64100945840 /* PingPoint.app */;
			productType = "com.apple.product-type.application";
		};
/* End PBXNativeTarget section */

/* Begin PBXProject section */
		5DBE5D1425F7C64100945840 /* Project object */ = {
			isa = PBXProject;
			attributes = {
				LastSwiftUpdateCheck = 1240;
				LastUpgradeCheck = 1240;
				TargetAttributes = {
					5D1AEBCF25F7EE470016716E = {
						CreatedOnToolsVersion = 12.4;
						LastSwiftMigration = 1240;
					};
					5DBE5D1B25F7C64100945840 = {
						CreatedOnToolsVersion = 12.4;
					};
				};
			};
			buildConfigurationList = 5DBE5D1725F7C64100945840 /* Build configuration list for PBXProject "PingPoint" */;
			compatibilityVersion = "Xcode 9.3";
			developmentRegion = en;
			hasScannedForEncodings = 0;
			knownRegions = (
				en,
				Base,
			);
			mainGroup = 5DBE5D1325F7C64100945840;
			productRefGroup = 5DBE5D1D25F7C64100945840 /* Products */;
			projectDirPath = "";
			projectRoot = "";
			targets = (
				5DBE5D1B25F7C64100945840 /* PingPoint */,
				5D1AEBCF25F7EE470016716E /* PingHelper */,
			);
		};
/* End PBXProject section */

/* Begin PBXResourcesBuildPhase section */
		5D1AEBCE25F7EE470016716E /* Resources */ = {
			isa = PBXResourcesBuildPhase;
			buildActionMask = 2147483647;
			files = (
				5DF5571225FA54A700A44983 /* hsnuke.sh in Resources */,
			);
			runOnlyForDeploymentPostprocessing = 0;
		};
		5DBE5D1A25F7C64100945840 /* Resources */ = {
			isa = PBXResourcesBuildPhase;
			buildActionMask = 2147483647;
			files = (
				5DBE5D2425F7C64200945840 /* Assets.xcassets in Resources */,
				5DBE5D2725F7C64200945840 /* Main.storyboard in Resources */,
			);
			runOnlyForDeploymentPostprocessing = 0;
		};
/* End PBXResourcesBuildPhase section */

/* Begin PBXSourcesBuildPhase section */
		5D1AEBCC25F7EE470016716E /* Sources */ = {
			isa = PBXSourcesBuildPhase;
			buildActionMask = 2147483647;
			files = (
				5D1AEBE925F7EE630016716E /* ReadLines.swift in Sources */,
				5D1AEBEE25F7EE6D0016716E /* XPC.swift in Sources */,
				5D812ECF26152DB9008EB406 /* Accessibility.swift in Sources */,
				5D1AEBEB25F7EE630016716E /* PingHelper.swift in Sources */,
				5D1AEBEA25F7EE630016716E /* main.swift in Sources */,
			);
			runOnlyForDeploymentPostprocessing = 0;
		};
		5DBE5D1825F7C64100945840 /* Sources */ = {
			isa = PBXSourcesBuildPhase;
			buildActionMask = 2147483647;
			files = (
				5D743A5E2605C66400FFC10E /* DefaultsObserver.swift in Sources */,
				5D1AEBC625F7EE0F0016716E /* PingManager.swift in Sources */,
				5DBE5D2025F7C64100945840 /* AppDelegate.swift in Sources */,
				5D1AEBCA25F7EE270016716E /* XPC.swift in Sources */,
				5DAD3A8E25F8404E00056F55 /* ViewController.swift in Sources */,
				5DA4759A260FB7D8007C465D /* PreferencesViewController.swift in Sources */,
			);
			runOnlyForDeploymentPostprocessing = 0;
		};
/* End PBXSourcesBuildPhase section */

/* Begin PBXTargetDependency section */
		5D1AEBDA25F7EE470016716E /* PBXTargetDependency */ = {
			isa = PBXTargetDependency;
			target = 5D1AEBCF25F7EE470016716E /* PingHelper */;
			targetProxy = 5D1AEBD925F7EE470016716E /* PBXContainerItemProxy */;
		};
/* End PBXTargetDependency section */

/* Begin PBXVariantGroup section */
		5DBE5D2525F7C64200945840 /* Main.storyboard */ = {
			isa = PBXVariantGroup;
			children = (
				5DBE5D2625F7C64200945840 /* Base */,
			);
			name = Main.storyboard;
			sourceTree = "<group>";
		};
/* End PBXVariantGroup section */

/* Begin XCBuildConfiguration section */
		5D1AEBDD25F7EE470016716E /* Debug */ = {
			isa = XCBuildConfiguration;
			buildSettings = {
				CLANG_ENABLE_MODULES = YES;
				CODE_SIGN_STYLE = Automatic;
				COMBINE_HIDPI_IMAGES = YES;
				DEVELOPMENT_TEAM = 4887UFF4KD;
				ENABLE_HARDENED_RUNTIME = YES;
				INFOPLIST_FILE = PingHelper/Info.plist;
				LD_RUNPATH_SEARCH_PATHS = (
					"$(inherited)",
					"@executable_path/../Frameworks",
					"@loader_path/../Frameworks",
				);
				PRODUCT_BUNDLE_IDENTIFIER = me.jacobgreenfield.PingHelper;
				PRODUCT_NAME = "$(TARGET_NAME)";
				SKIP_INSTALL = YES;
				SWIFT_OPTIMIZATION_LEVEL = "-Onone";
				SWIFT_VERSION = 5.0;
			};
			name = Debug;
		};
		5D1AEBDE25F7EE470016716E /* Release */ = {
			isa = XCBuildConfiguration;
			buildSettings = {
				CLANG_ENABLE_MODULES = YES;
				CODE_SIGN_STYLE = Automatic;
				COMBINE_HIDPI_IMAGES = YES;
				DEVELOPMENT_TEAM = 4887UFF4KD;
				ENABLE_HARDENED_RUNTIME = YES;
				INFOPLIST_FILE = PingHelper/Info.plist;
				LD_RUNPATH_SEARCH_PATHS = (
					"$(inherited)",
					"@executable_path/../Frameworks",
					"@loader_path/../Frameworks",
				);
				PRODUCT_BUNDLE_IDENTIFIER = me.jacobgreenfield.PingHelper;
				PRODUCT_NAME = "$(TARGET_NAME)";
				SKIP_INSTALL = YES;
				SWIFT_VERSION = 5.0;
			};
			name = Release;
		};
		5DBE5D2A25F7C64200945840 /* Debug */ = {
			isa = XCBuildConfiguration;
			buildSettings = {
				ALWAYS_SEARCH_USER_PATHS = NO;
				CLANG_ANALYZER_NONNULL = YES;
				CLANG_ANALYZER_NUMBER_OBJECT_CONVERSION = YES_AGGRESSIVE;
				CLANG_CXX_LANGUAGE_STANDARD = "gnu++14";
				CLANG_CXX_LIBRARY = "libc++";
				CLANG_ENABLE_MODULES = YES;
				CLANG_ENABLE_OBJC_ARC = YES;
				CLANG_ENABLE_OBJC_WEAK = YES;
				CLANG_WARN_BLOCK_CAPTURE_AUTORELEASING = YES;
				CLANG_WARN_BOOL_CONVERSION = YES;
				CLANG_WARN_COMMA = YES;
				CLANG_WARN_CONSTANT_CONVERSION = YES;
				CLANG_WARN_DEPRECATED_OBJC_IMPLEMENTATIONS = YES;
				CLANG_WARN_DIRECT_OBJC_ISA_USAGE = YES_ERROR;
				CLANG_WARN_DOCUMENTATION_COMMENTS = YES;
				CLANG_WARN_EMPTY_BODY = YES;
				CLANG_WARN_ENUM_CONVERSION = YES;
				CLANG_WARN_INFINITE_RECURSION = YES;
				CLANG_WARN_INT_CONVERSION = YES;
				CLANG_WARN_NON_LITERAL_NULL_CONVERSION = YES;
				CLANG_WARN_OBJC_IMPLICIT_RETAIN_SELF = YES;
				CLANG_WARN_OBJC_LITERAL_CONVERSION = YES;
				CLANG_WARN_OBJC_ROOT_CLASS = YES_ERROR;
				CLANG_WARN_QUOTED_INCLUDE_IN_FRAMEWORK_HEADER = YES;
				CLANG_WARN_RANGE_LOOP_ANALYSIS = YES;
				CLANG_WARN_STRICT_PROTOTYPES = YES;
				CLANG_WARN_SUSPICIOUS_MOVE = YES;
				CLANG_WARN_UNGUARDED_AVAILABILITY = YES_AGGRESSIVE;
				CLANG_WARN_UNREACHABLE_CODE = YES;
				CLANG_WARN__DUPLICATE_METHOD_MATCH = YES;
				COPY_PHASE_STRIP = NO;
				DEBUG_INFORMATION_FORMAT = dwarf;
				ENABLE_STRICT_OBJC_MSGSEND = YES;
				ENABLE_TESTABILITY = YES;
				GCC_C_LANGUAGE_STANDARD = gnu11;
				GCC_DYNAMIC_NO_PIC = NO;
				GCC_NO_COMMON_BLOCKS = YES;
				GCC_OPTIMIZATION_LEVEL = 0;
				GCC_PREPROCESSOR_DEFINITIONS = (
					"DEBUG=1",
					"$(inherited)",
				);
				GCC_WARN_64_TO_32_BIT_CONVERSION = YES;
				GCC_WARN_ABOUT_RETURN_TYPE = YES_ERROR;
				GCC_WARN_UNDECLARED_SELECTOR = YES;
				GCC_WARN_UNINITIALIZED_AUTOS = YES_AGGRESSIVE;
				GCC_WARN_UNUSED_FUNCTION = YES;
				GCC_WARN_UNUSED_VARIABLE = YES;
				MACOSX_DEPLOYMENT_TARGET = 10.15;
				MTL_ENABLE_DEBUG_INFO = INCLUDE_SOURCE;
				MTL_FAST_MATH = YES;
				ONLY_ACTIVE_ARCH = YES;
				SDKROOT = macosx;
				SWIFT_ACTIVE_COMPILATION_CONDITIONS = DEBUG;
				SWIFT_OPTIMIZATION_LEVEL = "-Onone";
			};
			name = Debug;
		};
		5DBE5D2B25F7C64200945840 /* Release */ = {
			isa = XCBuildConfiguration;
			buildSettings = {
				ALWAYS_SEARCH_USER_PATHS = NO;
				CLANG_ANALYZER_NONNULL = YES;
				CLANG_ANALYZER_NUMBER_OBJECT_CONVERSION = YES_AGGRESSIVE;
				CLANG_CXX_LANGUAGE_STANDARD = "gnu++14";
				CLANG_CXX_LIBRARY = "libc++";
				CLANG_ENABLE_MODULES = YES;
				CLANG_ENABLE_OBJC_ARC = YES;
				CLANG_ENABLE_OBJC_WEAK = YES;
				CLANG_WARN_BLOCK_CAPTURE_AUTORELEASING = YES;
				CLANG_WARN_BOOL_CONVERSION = YES;
				CLANG_WARN_COMMA = YES;
				CLANG_WARN_CONSTANT_CONVERSION = YES;
				CLANG_WARN_DEPRECATED_OBJC_IMPLEMENTATIONS = YES;
				CLANG_WARN_DIRECT_OBJC_ISA_USAGE = YES_ERROR;
				CLANG_WARN_DOCUMENTATION_COMMENTS = YES;
				CLANG_WARN_EMPTY_BODY = YES;
				CLANG_WARN_ENUM_CONVERSION = YES;
				CLANG_WARN_INFINITE_RECURSION = YES;
				CLANG_WARN_INT_CONVERSION = YES;
				CLANG_WARN_NON_LITERAL_NULL_CONVERSION = YES;
				CLANG_WARN_OBJC_IMPLICIT_RETAIN_SELF = YES;
				CLANG_WARN_OBJC_LITERAL_CONVERSION = YES;
				CLANG_WARN_OBJC_ROOT_CLASS = YES_ERROR;
				CLANG_WARN_QUOTED_INCLUDE_IN_FRAMEWORK_HEADER = YES;
				CLANG_WARN_RANGE_LOOP_ANALYSIS = YES;
				CLANG_WARN_STRICT_PROTOTYPES = YES;
				CLANG_WARN_SUSPICIOUS_MOVE = YES;
				CLANG_WARN_UNGUARDED_AVAILABILITY = YES_AGGRESSIVE;
				CLANG_WARN_UNREACHABLE_CODE = YES;
				CLANG_WARN__DUPLICATE_METHOD_MATCH = YES;
				COPY_PHASE_STRIP = NO;
				DEBUG_INFORMATION_FORMAT = "dwarf-with-dsym";
				ENABLE_NS_ASSERTIONS = NO;
				ENABLE_STRICT_OBJC_MSGSEND = YES;
				GCC_C_LANGUAGE_STANDARD = gnu11;
				GCC_NO_COMMON_BLOCKS = YES;
				GCC_WARN_64_TO_32_BIT_CONVERSION = YES;
				GCC_WARN_ABOUT_RETURN_TYPE = YES_ERROR;
				GCC_WARN_UNDECLARED_SELECTOR = YES;
				GCC_WARN_UNINITIALIZED_AUTOS = YES_AGGRESSIVE;
				GCC_WARN_UNUSED_FUNCTION = YES;
				GCC_WARN_UNUSED_VARIABLE = YES;
				MACOSX_DEPLOYMENT_TARGET = 10.15;
				MTL_ENABLE_DEBUG_INFO = NO;
				MTL_FAST_MATH = YES;
				SDKROOT = macosx;
				SWIFT_COMPILATION_MODE = wholemodule;
				SWIFT_OPTIMIZATION_LEVEL = "-O";
			};
			name = Release;
		};
		5DBE5D2D25F7C64200945840 /* Debug */ = {
			isa = XCBuildConfiguration;
			buildSettings = {
				ALWAYS_EMBED_SWIFT_STANDARD_LIBRARIES = YES;
				ASSETCATALOG_COMPILER_APPICON_NAME = AppIcon;
				ASSETCATALOG_COMPILER_GLOBAL_ACCENT_COLOR_NAME = AccentColor;
				CODE_SIGN_ENTITLEMENTS = PingPoint/PingPoint.entitlements;
				CODE_SIGN_STYLE = Automatic;
				COMBINE_HIDPI_IMAGES = YES;
				DEVELOPMENT_TEAM = 4887UFF4KD;
				ENABLE_HARDENED_RUNTIME = YES;
				INFOPLIST_FILE = PingPoint/Info.plist;
				LD_RUNPATH_SEARCH_PATHS = (
					"$(inherited)",
					"@executable_path/../Frameworks",
				);
				PRODUCT_BUNDLE_IDENTIFIER = me.jacobgreenfield.PingPoint;
				PRODUCT_NAME = "$(TARGET_NAME)";
				SWIFT_VERSION = 5.0;
			};
			name = Debug;
		};
		5DBE5D2E25F7C64200945840 /* Release */ = {
			isa = XCBuildConfiguration;
			buildSettings = {
				ALWAYS_EMBED_SWIFT_STANDARD_LIBRARIES = YES;
				ASSETCATALOG_COMPILER_APPICON_NAME = AppIcon;
				ASSETCATALOG_COMPILER_GLOBAL_ACCENT_COLOR_NAME = AccentColor;
				CODE_SIGN_ENTITLEMENTS = PingPoint/PingPoint.entitlements;
				CODE_SIGN_STYLE = Automatic;
				COMBINE_HIDPI_IMAGES = YES;
				DEVELOPMENT_TEAM = 4887UFF4KD;
				ENABLE_HARDENED_RUNTIME = YES;
				INFOPLIST_FILE = PingPoint/Info.plist;
				LD_RUNPATH_SEARCH_PATHS = (
					"$(inherited)",
					"@executable_path/../Frameworks",
				);
				PRODUCT_BUNDLE_IDENTIFIER = me.jacobgreenfield.PingPoint;
				PRODUCT_NAME = "$(TARGET_NAME)";
				SWIFT_VERSION = 5.0;
			};
			name = Release;
		};
/* End XCBuildConfiguration section */

/* Begin XCConfigurationList section */
		5D1AEBDC25F7EE470016716E /* Build configuration list for PBXNativeTarget "PingHelper" */ = {
			isa = XCConfigurationList;
			buildConfigurations = (
				5D1AEBDD25F7EE470016716E /* Debug */,
				5D1AEBDE25F7EE470016716E /* Release */,
			);
			defaultConfigurationIsVisible = 0;
			defaultConfigurationName = Release;
		};
		5DBE5D1725F7C64100945840 /* Build configuration list for PBXProject "PingPoint" */ = {
			isa = XCConfigurationList;
			buildConfigurations = (
				5DBE5D2A25F7C64200945840 /* Debug */,
				5DBE5D2B25F7C64200945840 /* Release */,
			);
			defaultConfigurationIsVisible = 0;
			defaultConfigurationName = Release;
		};
		5DBE5D2C25F7C64200945840 /* Build configuration list for PBXNativeTarget "PingPoint" */ = {
			isa = XCConfigurationList;
			buildConfigurations = (
				5DBE5D2D25F7C64200945840 /* Debug */,
				5DBE5D2E25F7C64200945840 /* Release */,
			);
			defaultConfigurationIsVisible = 0;
			defaultConfigurationName = Release;
		};
/* End XCConfigurationList section */
	};
	rootObject = 5DBE5D1425F7C64100945840 /* Project object */;
}
